// !$*UTF8*$!
{
	archiveVersion = 1;
	classes = {
	};
	objectVersion = 77;
	objects = {

/* Begin PBXBuildFile section */
		4A1000102E5F0010000000AA /* JaumKit in Frameworks */ = {isa = PBXBuildFile; productRef = 4A1000202E5F0020000000AA /* JaumKit */; };
/* End PBXBuildFile section */

/* Begin PBXFileReference section */
		4A1000302E5F0030000000AA /* Jaum.app */ = {isa = PBXFileReference; explicitFileType = wrapper.application; includeInIndex = 0; path = Jaum.app; sourceTree = BUILT_PRODUCTS_DIR; };
/* End PBXFileReference section */

/* Begin PBXFileSystemSynchronizedRootGroup section */
		4A1000402E5F0040000000AA /* Jaum */ = {
			isa = PBXFileSystemSynchronizedRootGroup;
			path = Jaum;
			sourceTree = "<group>";
		};
/* End PBXFileSystemSynchronizedRootGroup section */

/* Begin PBXFrameworksBuildPhase section */
		4A1000502E5F0050000000AA /* Frameworks */ = {
			isa = PBXFrameworksBuildPhase;
			buildActionMask = 2147483647;
			files = (
				4A1000102E5F0010000000AA /* JaumKit in Frameworks */,
			);
			runOnlyForDeploymentPostprocessing = 0;
		};
/* End PBXFrameworksBuildPhase section */

/* Begin PBXGroup section */
		4A1000602E5F0060000000AA = {
			isa = PBXGroup;
			children = (
				4A1000402E5F0040000000AA /* Jaum */,
				4A1000702E5F0070000000AA /* Products */,
			);
			sourceTree = "<group>";
		};
		4A1000702E5F0070000000AA /* Products */ = {
			isa = PBXGroup;
			children = (
				4A1000302E5F0030000000AA /* Jaum.app */,
			);
			name = Products;
			sourceTree = "<group>";
		};
/* End PBXGroup section */

/* Begin PBXNativeTarget section */
		4A1000802E5F0080000000AA /* Jaum */ = {
			isa = PBXNativeTarget;
			buildConfigurationList = 4A1000902E5F0090000000AA /* Build configuration list for PBXNativeTarget "Jaum" */;
			buildPhases = (
				4A1000A02E5F00A0000000AA /* Sources */,
				4A1000502E5F0050000000AA /* Frameworks */,
				4A1000B02E5F00B0000000AA /* Resources */,
			);
			buildRules = (
			);
			dependencies = (
			);
			fileSystemSynchronizedGroups = (
				4A1000402E5F0040000000AA /* Jaum */,
			);
			name = Jaum;
			packageProductDependencies = (
				4A1000202E5F0020000000AA /* JaumKit */,
			);
			productName = Jaum;
			productReference = 4A1000302E5F0030000000AA /* Jaum.app */;
			productType = "com.apple.product-type.application";
		};
/* End PBXNativeTarget section */

/* Begin PBXProject section */
		4A1000C02E5F00C0000000AA /* Project object */ = {
			isa = PBXProject;
			attributes = {
				BuildIndependentTargetsInParallel = 1;
				LastSwiftUpdateCheck = 1600;
				LastUpgradeCheck = 1600;
				TargetAttributes = {
					4A1000802E5F0080000000AA = {
						CreatedOnToolsVersion = 16.0;
					};
				};
			};
			buildConfigurationList = 4A1000D02E5F00D0000000AA /* Build configuration list for PBXProject "Jaum" */;
			developmentRegion = en;
			hasScannedForEncodings = 0;
			knownRegions = (
				en,
				Base,
			);
			mainGroup = 4A1000602E5F0060000000AA;
			minimizedProjectReferenceProxies = 1;
			packageReferences = (
				4A1000E02E5F00E0000000AA /* XCLocalSwiftPackageReference "JaumKit" */,
			);
			preferredProjectObjectVersion = 77;
			productRefGroup = 4A1000702E5F0070000000AA /* Products */;
			projectDirPath = "";
			projectRoot = "";
			targets = (
				4A1000802E5F0080000000AA /* Jaum */,
			);
		};
/* End PBXProject section */

/* Begin PBXResourcesBuildPhase section */
		4A1000B02E5F00B0000000AA /* Resources */ = {
			isa = PBXResourcesBuildPhase;
			buildActionMask = 2147483647;
			files = (
			);
			runOnlyForDeploymentPostprocessing = 0;
		};
/* End PBXResourcesBuildPhase section */

/* Begin PBXSourcesBuildPhase section */
		4A1000A02E5F00A0000000AA /* Sources */ = {
			isa = PBXSourcesBuildPhase;
			buildActionMask = 2147483647;
			files = (
			);
			runOnlyForDeploymentPostprocessing = 0;
		};
/* End PBXSourcesBuildPhase section */

/* Begin XCBuildConfiguration section */
		4A1000F02E5F00F0000000AA /* Debug */ = {
			isa = XCBuildConfiguration;
			buildSettings = {
				ALWAYS_SEARCH_USER_PATHS = NO;
				CLANG_ENABLE_MODULES = YES;
				CLANG_ENABLE_OBJC_ARC = YES;
				COPY_PHASE_STRIP = NO;
				DEBUG_INFORMATION_FORMAT = dwarf;
				ENABLE_STRICT_OBJC_MSGSEND = YES;
				ENABLE_TESTABILITY = YES;
				ENABLE_USER_SCRIPT_SANDBOXING = YES;
				GCC_C_LANGUAGE_STANDARD = gnu17;
				GCC_DYNAMIC_NO_PIC = NO;
				GCC_NO_COMMON_BLOCKS = YES;
				GCC_OPTIMIZATION_LEVEL = 0;
				GCC_PREPROCESSOR_DEFINITIONS = (
					"DEBUG=1",
					"$(inherited)",
				);
				LOCALIZATION_PREFERS_STRING_CATALOGS = YES;
				MACOSX_DEPLOYMENT_TARGET = 15.0;
				MTL_ENABLE_DEBUG_INFO = INCLUDE_SOURCE;
				MTL_FAST_MATH = YES;
				ONLY_ACTIVE_ARCH = YES;
				SDKROOT = macosx;
				SWIFT_ACTIVE_COMPILATION_CONDITIONS = "DEBUG $(inherited)";
				SWIFT_OPTIMIZATION_LEVEL = "-Onone";
			};
			name = Debug;
		};
		4A1001002E5F0100000000AA /* Release */ = {
			isa = XCBuildConfiguration;
			buildSettings = {
				ALWAYS_SEARCH_USER_PATHS = NO;
				CLANG_ENABLE_MODULES = YES;
				CLANG_ENABLE_OBJC_ARC = YES;
				COPY_PHASE_STRIP = NO;
				DEBUG_INFORMATION_FORMAT = "dwarf-with-dsym";
				ENABLE_NS_ASSERTIONS = NO;
				ENABLE_STRICT_OBJC_MSGSEND = YES;
				ENABLE_USER_SCRIPT_SANDBOXING = YES;
				GCC_C_LANGUAGE_STANDARD = gnu17;
				GCC_NO_COMMON_BLOCKS = YES;
				LOCALIZATION_PREFERS_STRING_CATALOGS = YES;
				MACOSX_DEPLOYMENT_TARGET = 15.0;
				MTL_ENABLE_DEBUG_INFO = NO;
				MTL_FAST_MATH = YES;
				SDKROOT = macosx;
				SWIFT_COMPILATION_MODE = wholemodule;
			};
			name = Release;
		};
		4A1001102E5F0110000000AA /* Debug */ = {
			isa = XCBuildConfiguration;
			buildSettings = {
				CODE_SIGN_IDENTITY = "-";
				CODE_SIGN_STYLE = Automatic;
				COMBINE_HIDPI_IMAGES = YES;
				CURRENT_PROJECT_VERSION = 1;
				ENABLE_HARDENED_RUNTIME = YES;
				ENABLE_PREVIEWS = YES;
				GENERATE_INFOPLIST_FILE = YES;
				INFOPLIST_KEY_NSPrincipalClass = NSApplication;
				LD_RUNPATH_SEARCH_PATHS = (
					"$(inherited)",
					"@executable_path/../Frameworks",
				);
				MARKETING_VERSION = 0.1.0;
				PRODUCT_BUNDLE_IDENTIFIER = com.jaum.Jaum;
				PRODUCT_NAME = "$(TARGET_NAME)";
				SWIFT_EMIT_LOC_STRINGS = YES;
				SWIFT_VERSION = 6.0;
			};
			name = Debug;
		};
		4A1001202E5F0120000000AA /* Release */ = {
			isa = XCBuildConfiguration;
			buildSettings = {
				CODE_SIGN_IDENTITY = "-";
				CODE_SIGN_STYLE = Automatic;
				COMBINE_HIDPI_IMAGES = YES;
				CURRENT_PROJECT_VERSION = 1;
				ENABLE_HARDENED_RUNTIME = YES;
				ENABLE_PREVIEWS = YES;
				GENERATE_INFOPLIST_FILE = YES;
				INFOPLIST_KEY_NSPrincipalClass = NSApplication;
				LD_RUNPATH_SEARCH_PATHS = (
					"$(inherited)",
					"@executable_path/../Frameworks",
				);
				MARKETING_VERSION = 0.1.0;
				PRODUCT_BUNDLE_IDENTIFIER = com.jaum.Jaum;
				PRODUCT_NAME = "$(TARGET_NAME)";
				SWIFT_EMIT_LOC_STRINGS = YES;
				SWIFT_VERSION = 6.0;
			};
			name = Release;
		};
/* End XCBuildConfiguration section */

/* Begin XCConfigurationList section */
		4A1000902E5F0090000000AA /* Build configuration list for PBXNativeTarget "Jaum" */ = {
			isa = XCConfigurationList;
			buildConfigurations = (
				4A1001102E5F0110000000AA /* Debug */,
				4A1001202E5F0120000000AA /* Release */,
			);
			defaultConfigurationIsVisible = 0;
			defaultConfigurationName = Release;
		};
		4A1000D02E5F00D0000000AA /* Build configuration list for PBXProject "Jaum" */ = {
			isa = XCConfigurationList;
			buildConfigurations = (
				4A1000F02E5F00F0000000AA /* Debug */,
				4A1001002E5F0100000000AA /* Release */,
			);
			defaultConfigurationIsVisible = 0;
			defaultConfigurationName = Release;
		};
/* End XCConfigurationList section */

/* Begin XCLocalSwiftPackageReference section */
		4A1000E02E5F00E0000000AA /* XCLocalSwiftPackageReference "JaumKit" */ = {
			isa = XCLocalSwiftPackageReference;
			relativePath = JaumKit;
		};
/* End XCLocalSwiftPackageReference section */

/* Begin XCSwiftPackageProductDependency section */
		4A1000202E5F0020000000AA /* JaumKit */ = {
			isa = XCSwiftPackageProductDependency;
			productName = JaumKit;
		};
/* End XCSwiftPackageProductDependency section */
	};
	rootObject = 4A1000C02E5F00C0000000AA /* Project object */;
}
